// !$*UTF8*$!
{
	archiveVersion = 1;
	classes = {
	};
	objectVersion = 50;
	objects = {

/* Begin PBXBuildFile section */
		6932911124E4459400990A5F /* VKProjectTests.swift in Sources */ = {isa = PBXBuildFile; fileRef = 6932911024E4459400990A5F /* VKProjectTests.swift */; };
		6932E00224CEE6D80072FDFC /* AppDelegate.swift in Sources */ = {isa = PBXBuildFile; fileRef = 6932E00124CEE6D80072FDFC /* AppDelegate.swift */; };
		6932E00424CEE6D80072FDFC /* SceneDelegate.swift in Sources */ = {isa = PBXBuildFile; fileRef = 6932E00324CEE6D80072FDFC /* SceneDelegate.swift */; };
		6932E00924CEE6D80072FDFC /* Main.storyboard in Resources */ = {isa = PBXBuildFile; fileRef = 6932E00724CEE6D80072FDFC /* Main.storyboard */; };
		6932E00B24CEE6DD0072FDFC /* Assets.xcassets in Resources */ = {isa = PBXBuildFile; fileRef = 6932E00A24CEE6DD0072FDFC /* Assets.xcassets */; };
		6932E00E24CEE6DD0072FDFC /* LaunchScreen.storyboard in Resources */ = {isa = PBXBuildFile; fileRef = 6932E00C24CEE6DD0072FDFC /* LaunchScreen.storyboard */; };
		6943C82624E8164F001DDE03 /* PersonTests.swift in Sources */ = {isa = PBXBuildFile; fileRef = 6943C82524E8164F001DDE03 /* PersonTests.swift */; };
		6943EDFA24ED3A9A00672DBC /* ContactManagerTests.swift in Sources */ = {isa = PBXBuildFile; fileRef = 6943EDF924ED3A9A00672DBC /* ContactManagerTests.swift */; };
		6943EDFC24ED3BA900672DBC /* ContactManager.swift in Sources */ = {isa = PBXBuildFile; fileRef = 6943EDFB24ED3BA900672DBC /* ContactManager.swift */; };
		6943EDFF24ED48BB00672DBC /* LoginFormVCTests.swift in Sources */ = {isa = PBXBuildFile; fileRef = 6943EDFE24ED48BB00672DBC /* LoginFormVCTests.swift */; };
		69558B7E24CEF72B0063C7D6 /* LoginFormVC.swift in Sources */ = {isa = PBXBuildFile; fileRef = 69558B7D24CEF72B0063C7D6 /* LoginFormVC.swift */; };
		698AF55224ED2B1100F67D17 /* Person.swift in Sources */ = {isa = PBXBuildFile; fileRef = 698AF55124ED2B1100F67D17 /* Person.swift */; };
/* End PBXBuildFile section */

/* Begin PBXContainerItemProxy section */
		6932911324E4459400990A5F /* PBXContainerItemProxy */ = {
			isa = PBXContainerItemProxy;
			containerPortal = 6932DFF624CEE6D80072FDFC /* Project object */;
			proxyType = 1;
			remoteGlobalIDString = 6932DFFD24CEE6D80072FDFC;
			remoteInfo = VKProject;
		};
/* End PBXContainerItemProxy section */

/* Begin PBXFileReference section */
		6932910E24E4459400990A5F /* VKProjectTests.xctest */ = {isa = PBXFileReference; explicitFileType = wrapper.cfbundle; includeInIndex = 0; path = VKProjectTests.xctest; sourceTree = BUILT_PRODUCTS_DIR; };
		6932911024E4459400990A5F /* VKProjectTests.swift */ = {isa = PBXFileReference; lastKnownFileType = sourcecode.swift; path = VKProjectTests.swift; sourceTree = "<group>"; };
		6932911224E4459400990A5F /* Info.plist */ = {isa = PBXFileReference; lastKnownFileType = text.plist.xml; path = Info.plist; sourceTree = "<group>"; };
		6932DFFE24CEE6D80072FDFC /* VKProject.app */ = {isa = PBXFileReference; explicitFileType = wrapper.application; includeInIndex = 0; path = VKProject.app; sourceTree = BUILT_PRODUCTS_DIR; };
		6932E00124CEE6D80072FDFC /* AppDelegate.swift */ = {isa = PBXFileReference; lastKnownFileType = sourcecode.swift; path = AppDelegate.swift; sourceTree = "<group>"; };
		6932E00324CEE6D80072FDFC /* SceneDelegate.swift */ = {isa = PBXFileReference; lastKnownFileType = sourcecode.swift; path = SceneDelegate.swift; sourceTree = "<group>"; };
		6932E00824CEE6D80072FDFC /* Base */ = {isa = PBXFileReference; lastKnownFileType = file.storyboard; name = Base; path = Base.lproj/Main.storyboard; sourceTree = "<group>"; };
		6932E00A24CEE6DD0072FDFC /* Assets.xcassets */ = {isa = PBXFileReference; lastKnownFileType = folder.assetcatalog; path = Assets.xcassets; sourceTree = "<group>"; };
		6932E00D24CEE6DD0072FDFC /* Base */ = {isa = PBXFileReference; lastKnownFileType = file.storyboard; name = Base; path = Base.lproj/LaunchScreen.storyboard; sourceTree = "<group>"; };
		6932E00F24CEE6DD0072FDFC /* Info.plist */ = {isa = PBXFileReference; lastKnownFileType = text.plist.xml; path = Info.plist; sourceTree = "<group>"; };
		6943C82524E8164F001DDE03 /* PersonTests.swift */ = {isa = PBXFileReference; lastKnownFileType = sourcecode.swift; path = PersonTests.swift; sourceTree = "<group>"; };
		6943EDF924ED3A9A00672DBC /* ContactManagerTests.swift */ = {isa = PBXFileReference; lastKnownFileType = sourcecode.swift; path = ContactManagerTests.swift; sourceTree = "<group>"; };
		6943EDFB24ED3BA900672DBC /* ContactManager.swift */ = {isa = PBXFileReference; lastKnownFileType = sourcecode.swift; path = ContactManager.swift; sourceTree = "<group>"; };
		6943EDFE24ED48BB00672DBC /* LoginFormVCTests.swift */ = {isa = PBXFileReference; lastKnownFileType = sourcecode.swift; path = LoginFormVCTests.swift; sourceTree = "<group>"; };
		69558B7D24CEF72B0063C7D6 /* LoginFormVC.swift */ = {isa = PBXFileReference; lastKnownFileType = sourcecode.swift; path = LoginFormVC.swift; sourceTree = "<group>"; };
		698AF55124ED2B1100F67D17 /* Person.swift */ = {isa = PBXFileReference; lastKnownFileType = sourcecode.swift; path = Person.swift; sourceTree = "<group>"; };
/* End PBXFileReference section */

/* Begin PBXFrameworksBuildPhase section */
		6932910B24E4459400990A5F /* Frameworks */ = {
			isa = PBXFrameworksBuildPhase;
			buildActionMask = 2147483647;
			files = (
			);
			runOnlyForDeploymentPostprocessing = 0;
		};
		6932DFFB24CEE6D80072FDFC /* Frameworks */ = {
			isa = PBXFrameworksBuildPhase;
			buildActionMask = 2147483647;
			files = (
			);
			runOnlyForDeploymentPostprocessing = 0;
		};
/* End PBXFrameworksBuildPhase section */

/* Begin PBXGroup section */
		6932910F24E4459400990A5F /* VKProjectTests */ = {
			isa = PBXGroup;
			children = (
				6932911824E445A200990A5F /* Models */,
				6943EDF724ED39EE00672DBC /* Helpers */,
				6943EDFD24ED488400672DBC /* Controllers */,
				6943C82724E81660001DDE03 /* Supporting files */,
			);
			path = VKProjectTests;
			sourceTree = "<group>";
		};
		6932911824E445A200990A5F /* Models */ = {
			isa = PBXGroup;
			children = (
				6943C82524E8164F001DDE03 /* PersonTests.swift */,
			);
			path = Models;
			sourceTree = "<group>";
		};
		6932DFF524CEE6D80072FDFC = {
			isa = PBXGroup;
			children = (
				6932E00024CEE6D80072FDFC /* VKProject */,
				6932910F24E4459400990A5F /* VKProjectTests */,
				6932DFFF24CEE6D80072FDFC /* Products */,
			);
			sourceTree = "<group>";
		};
		6932DFFF24CEE6D80072FDFC /* Products */ = {
			isa = PBXGroup;
			children = (
				6932DFFE24CEE6D80072FDFC /* VKProject.app */,
				6932910E24E4459400990A5F /* VKProjectTests.xctest */,
			);
			name = Products;
			sourceTree = "<group>";
		};
		6932E00024CEE6D80072FDFC /* VKProject */ = {
			isa = PBXGroup;
			children = (
				6943C82424E815B5001DDE03 /* Models */,
				6943EDF824ED3A0700672DBC /* Helpers */,
				69558B8024CF3B470063C7D6 /* Storyboards */,
				693A436F24D6BAA30078B0B4 /* Controllers */,
				69558B8124CF3B580063C7D6 /* Resources */,
				69558B7F24CF3B060063C7D6 /* Supporting files */,
			);
			path = VKProject;
			sourceTree = "<group>";
		};
		693A436F24D6BAA30078B0B4 /* Controllers */ = {
			isa = PBXGroup;
			children = (
				69558B7D24CEF72B0063C7D6 /* LoginFormVC.swift */,
			);
			path = Controllers;
			sourceTree = "<group>";
		};
		6943C82424E815B5001DDE03 /* Models */ = {
			isa = PBXGroup;
			children = (
				698AF55124ED2B1100F67D17 /* Person.swift */,
			);
			path = Models;
			sourceTree = "<group>";
		};
		6943C82724E81660001DDE03 /* Supporting files */ = {
			isa = PBXGroup;
			children = (
				6932911024E4459400990A5F /* VKProjectTests.swift */,
				6932911224E4459400990A5F /* Info.plist */,
			);
			path = "Supporting files";
			sourceTree = "<group>";
		};
		6943EDF724ED39EE00672DBC /* Helpers */ = {
			isa = PBXGroup;
			children = (
				6943EDF924ED3A9A00672DBC /* ContactManagerTests.swift */,
			);
			path = Helpers;
			sourceTree = "<group>";
		};
		6943EDF824ED3A0700672DBC /* Helpers */ = {
			isa = PBXGroup;
			children = (
				6943EDFB24ED3BA900672DBC /* ContactManager.swift */,
			);
			path = Helpers;
			sourceTree = "<group>";
		};
		6943EDFD24ED488400672DBC /* Controllers */ = {
			isa = PBXGroup;
			children = (
				6943EDFE24ED48BB00672DBC /* LoginFormVCTests.swift */,
			);
			path = Controllers;
			sourceTree = "<group>";
		};
		69558B7F24CF3B060063C7D6 /* Supporting files */ = {
			isa = PBXGroup;
			children = (
				6932E00124CEE6D80072FDFC /* AppDelegate.swift */,
				6932E00324CEE6D80072FDFC /* SceneDelegate.swift */,
				6932E00F24CEE6DD0072FDFC /* Info.plist */,
			);
			path = "Supporting files";
			sourceTree = "<group>";
		};
		69558B8024CF3B470063C7D6 /* Storyboards */ = {
			isa = PBXGroup;
			children = (
				6932E00724CEE6D80072FDFC /* Main.storyboard */,
				6932E00C24CEE6DD0072FDFC /* LaunchScreen.storyboard */,
			);
			path = Storyboards;
			sourceTree = "<group>";
		};
		69558B8124CF3B580063C7D6 /* Resources */ = {
			isa = PBXGroup;
			children = (
				6932E00A24CEE6DD0072FDFC /* Assets.xcassets */,
			);
			path = Resources;
			sourceTree = "<group>";
		};
/* End PBXGroup section */

/* Begin PBXNativeTarget section */
		6932910D24E4459400990A5F /* VKProjectTests */ = {
			isa = PBXNativeTarget;
			buildConfigurationList = 6932911724E4459400990A5F /* Build configuration list for PBXNativeTarget "VKProjectTests" */;
			buildPhases = (
				6932910A24E4459400990A5F /* Sources */,
				6932910B24E4459400990A5F /* Frameworks */,
				6932910C24E4459400990A5F /* Resources */,
			);
			buildRules = (
			);
			dependencies = (
				6932911424E4459400990A5F /* PBXTargetDependency */,
			);
			name = VKProjectTests;
			productName = VKProjectTests;
			productReference = 6932910E24E4459400990A5F /* VKProjectTests.xctest */;
			productType = "com.apple.product-type.bundle.unit-test";
		};
		6932DFFD24CEE6D80072FDFC /* VKProject */ = {
			isa = PBXNativeTarget;
			buildConfigurationList = 6932E01224CEE6DD0072FDFC /* Build configuration list for PBXNativeTarget "VKProject" */;
			buildPhases = (
				6932DFFA24CEE6D80072FDFC /* Sources */,
				6932DFFB24CEE6D80072FDFC /* Frameworks */,
				6932DFFC24CEE6D80072FDFC /* Resources */,
			);
			buildRules = (
			);
			dependencies = (
			);
			name = VKProject;
			productName = VKProject;
			productReference = 6932DFFE24CEE6D80072FDFC /* VKProject.app */;
			productType = "com.apple.product-type.application";
		};
/* End PBXNativeTarget section */

/* Begin PBXProject section */
		6932DFF624CEE6D80072FDFC /* Project object */ = {
			isa = PBXProject;
			attributes = {
				LastSwiftUpdateCheck = 1160;
				LastUpgradeCheck = 1160;
				ORGANIZATIONNAME = "Denis Abramov";
				TargetAttributes = {
					6932910D24E4459400990A5F = {
						CreatedOnToolsVersion = 11.6;
						TestTargetID = 6932DFFD24CEE6D80072FDFC;
					};
					6932DFFD24CEE6D80072FDFC = {
						CreatedOnToolsVersion = 11.6;
					};
				};
			};
			buildConfigurationList = 6932DFF924CEE6D80072FDFC /* Build configuration list for PBXProject "VKProject" */;
			compatibilityVersion = "Xcode 9.3";
			developmentRegion = en;
			hasScannedForEncodings = 0;
			knownRegions = (
				en,
				Base,
			);
			mainGroup = 6932DFF524CEE6D80072FDFC;
			productRefGroup = 6932DFFF24CEE6D80072FDFC /* Products */;
			projectDirPath = "";
			projectRoot = "";
			targets = (
				6932DFFD24CEE6D80072FDFC /* VKProject */,
				6932910D24E4459400990A5F /* VKProjectTests */,
			);
		};
/* End PBXProject section */

/* Begin PBXResourcesBuildPhase section */
		6932910C24E4459400990A5F /* Resources */ = {
			isa = PBXResourcesBuildPhase;
			buildActionMask = 2147483647;
			files = (
			);
			runOnlyForDeploymentPostprocessing = 0;
		};
		6932DFFC24CEE6D80072FDFC /* Resources */ = {
			isa = PBXResourcesBuildPhase;
			buildActionMask = 2147483647;
			files = (
				6932E00E24CEE6DD0072FDFC /* LaunchScreen.storyboard in Resources */,
				6932E00B24CEE6DD0072FDFC /* Assets.xcassets in Resources */,
				6932E00924CEE6D80072FDFC /* Main.storyboard in Resources */,
			);
			runOnlyForDeploymentPostprocessing = 0;
		};
/* End PBXResourcesBuildPhase section */

/* Begin PBXSourcesBuildPhase section */
		6932910A24E4459400990A5F /* Sources */ = {
			isa = PBXSourcesBuildPhase;
			buildActionMask = 2147483647;
			files = (
				6943C82624E8164F001DDE03 /* PersonTests.swift in Sources */,
				6932911124E4459400990A5F /* VKProjectTests.swift in Sources */,
				6943EDFF24ED48BB00672DBC /* LoginFormVCTests.swift in Sources */,
				6943EDFA24ED3A9A00672DBC /* ContactManagerTests.swift in Sources */,
			);
			runOnlyForDeploymentPostprocessing = 0;
		};
		6932DFFA24CEE6D80072FDFC /* Sources */ = {
			isa = PBXSourcesBuildPhase;
			buildActionMask = 2147483647;
			files = (
				6943EDFC24ED3BA900672DBC /* ContactManager.swift in Sources */,
				6932E00224CEE6D80072FDFC /* AppDelegate.swift in Sources */,
				69558B7E24CEF72B0063C7D6 /* LoginFormVC.swift in Sources */,
				698AF55224ED2B1100F67D17 /* Person.swift in Sources */,
				6932E00424CEE6D80072FDFC /* SceneDelegate.swift in Sources */,
			);
			runOnlyForDeploymentPostprocessing = 0;
		};
/* End PBXSourcesBuildPhase section */

/* Begin PBXTargetDependency section */
		6932911424E4459400990A5F /* PBXTargetDependency */ = {
			isa = PBXTargetDependency;
			target = 6932DFFD24CEE6D80072FDFC /* VKProject */;
			targetProxy = 6932911324E4459400990A5F /* PBXContainerItemProxy */;
		};
/* End PBXTargetDependency section */

/* Begin PBXVariantGroup section */
		6932E00724CEE6D80072FDFC /* Main.storyboard */ = {
			isa = PBXVariantGroup;
			children = (
				6932E00824CEE6D80072FDFC /* Base */,
			);
			name = Main.storyboard;
			sourceTree = "<group>";
		};
		6932E00C24CEE6DD0072FDFC /* LaunchScreen.storyboard */ = {
			isa = PBXVariantGroup;
			children = (
				6932E00D24CEE6DD0072FDFC /* Base */,
			);
			name = LaunchScreen.storyboard;
			sourceTree = "<group>";
		};
/* End PBXVariantGroup section */

/* Begin XCBuildConfiguration section */
		6932911524E4459400990A5F /* Debug */ = {
			isa = XCBuildConfiguration;
			buildSettings = {
				BUNDLE_LOADER = "$(TEST_HOST)";
				CODE_SIGN_STYLE = Automatic;
				DEVELOPMENT_TEAM = XJN9TW8RPS;
				INFOPLIST_FILE = "VKProjectTests/Supporting files/Info.plist";
				LD_RUNPATH_SEARCH_PATHS = (
					"$(inherited)",
					"@executable_path/Frameworks",
					"@loader_path/Frameworks",
				);
				PRODUCT_BUNDLE_IDENTIFIER = "Denis-Abramov.VKProjectTests";
				PRODUCT_NAME = "$(TARGET_NAME)";
				SWIFT_VERSION = 5.0;
				TARGETED_DEVICE_FAMILY = "1,2";
				TEST_HOST = "$(BUILT_PRODUCTS_DIR)/VKProject.app/VKProject";
			};
			name = Debug;
		};
		6932911624E4459400990A5F /* Release */ = {
			isa = XCBuildConfiguration;
			buildSettings = {
				BUNDLE_LOADER = "$(TEST_HOST)";
				CODE_SIGN_STYLE = Automatic;
				DEVELOPMENT_TEAM = XJN9TW8RPS;
				INFOPLIST_FILE = "VKProjectTests/Supporting files/Info.plist";
				LD_RUNPATH_SEARCH_PATHS = (
					"$(inherited)",
					"@executable_path/Frameworks",
					"@loader_path/Frameworks",
				);
				PRODUCT_BUNDLE_IDENTIFIER = "Denis-Abramov.VKProjectTests";
				PRODUCT_NAME = "$(TARGET_NAME)";
				SWIFT_VERSION = 5.0;
				TARGETED_DEVICE_FAMILY = "1,2";
				TEST_HOST = "$(BUILT_PRODUCTS_DIR)/VKProject.app/VKProject";
			};
			name = Release;
		};
		6932E01024CEE6DD0072FDFC /* Debug */ = {
			isa = XCBuildConfiguration;
			buildSettings = {
				ALWAYS_SEARCH_USER_PATHS = NO;
				CLANG_ANALYZER_NONNULL = YES;
				CLANG_ANALYZER_NUMBER_OBJECT_CONVERSION = YES_AGGRESSIVE;
				CLANG_CXX_LANGUAGE_STANDARD = "gnu++14";
				CLANG_CXX_LIBRARY = "libc++";
				CLANG_ENABLE_MODULES = YES;
				CLANG_ENABLE_OBJC_ARC = YES;
				CLANG_ENABLE_OBJC_WEAK = YES;
				CLANG_WARN_BLOCK_CAPTURE_AUTORELEASING = YES;
				CLANG_WARN_BOOL_CONVERSION = YES;
				CLANG_WARN_COMMA = YES;
				CLANG_WARN_CONSTANT_CONVERSION = YES;
				CLANG_WARN_DEPRECATED_OBJC_IMPLEMENTATIONS = YES;
				CLANG_WARN_DIRECT_OBJC_ISA_USAGE = YES_ERROR;
				CLANG_WARN_DOCUMENTATION_COMMENTS = YES;
				CLANG_WARN_EMPTY_BODY = YES;
				CLANG_WARN_ENUM_CONVERSION = YES;
				CLANG_WARN_INFINITE_RECURSION = YES;
				CLANG_WARN_INT_CONVERSION = YES;
				CLANG_WARN_NON_LITERAL_NULL_CONVERSION = YES;
				CLANG_WARN_OBJC_IMPLICIT_RETAIN_SELF = YES;
				CLANG_WARN_OBJC_LITERAL_CONVERSION = YES;
				CLANG_WARN_OBJC_ROOT_CLASS = YES_ERROR;
				CLANG_WARN_RANGE_LOOP_ANALYSIS = YES;
				CLANG_WARN_STRICT_PROTOTYPES = YES;
				CLANG_WARN_SUSPICIOUS_MOVE = YES;
				CLANG_WARN_UNGUARDED_AVAILABILITY = YES_AGGRESSIVE;
				CLANG_WARN_UNREACHABLE_CODE = YES;
				CLANG_WARN__DUPLICATE_METHOD_MATCH = YES;
				COPY_PHASE_STRIP = NO;
				DEBUG_INFORMATION_FORMAT = dwarf;
				ENABLE_STRICT_OBJC_MSGSEND = YES;
				ENABLE_TESTABILITY = YES;
				GCC_C_LANGUAGE_STANDARD = gnu11;
				GCC_DYNAMIC_NO_PIC = NO;
				GCC_NO_COMMON_BLOCKS = YES;
				GCC_OPTIMIZATION_LEVEL = 0;
				GCC_PREPROCESSOR_DEFINITIONS = (
					"DEBUG=1",
					"$(inherited)",
				);
				GCC_WARN_64_TO_32_BIT_CONVERSION = YES;
				GCC_WARN_ABOUT_RETURN_TYPE = YES_ERROR;
				GCC_WARN_UNDECLARED_SELECTOR = YES;
				GCC_WARN_UNINITIALIZED_AUTOS = YES_AGGRESSIVE;
				GCC_WARN_UNUSED_FUNCTION = YES;
				GCC_WARN_UNUSED_VARIABLE = YES;
				IPHONEOS_DEPLOYMENT_TARGET = 13.6;
				MTL_ENABLE_DEBUG_INFO = INCLUDE_SOURCE;
				MTL_FAST_MATH = YES;
				ONLY_ACTIVE_ARCH = YES;
				SDKROOT = iphoneos;
				SWIFT_ACTIVE_COMPILATION_CONDITIONS = DEBUG;
				SWIFT_OPTIMIZATION_LEVEL = "-Onone";
			};
			name = Debug;
		};
		6932E01124CEE6DD0072FDFC /* Release */ = {
			isa = XCBuildConfiguration;
			buildSettings = {
				ALWAYS_SEARCH_USER_PATHS = NO;
				CLANG_ANALYZER_NONNULL = YES;
				CLANG_ANALYZER_NUMBER_OBJECT_CONVERSION = YES_AGGRESSIVE;
				CLANG_CXX_LANGUAGE_STANDARD = "gnu++14";
				CLANG_CXX_LIBRARY = "libc++";
				CLANG_ENABLE_MODULES = YES;
				CLANG_ENABLE_OBJC_ARC = YES;
				CLANG_ENABLE_OBJC_WEAK = YES;
				CLANG_WARN_BLOCK_CAPTURE_AUTORELEASING = YES;
				CLANG_WARN_BOOL_CONVERSION = YES;
				CLANG_WARN_COMMA = YES;
				CLANG_WARN_CONSTANT_CONVERSION = YES;
				CLANG_WARN_DEPRECATED_OBJC_IMPLEMENTATIONS = YES;
				CLANG_WARN_DIRECT_OBJC_ISA_USAGE = YES_ERROR;
				CLANG_WARN_DOCUMENTATION_COMMENTS = YES;
				CLANG_WARN_EMPTY_BODY = YES;
				CLANG_WARN_ENUM_CONVERSION = YES;
				CLANG_WARN_INFINITE_RECURSION = YES;
				CLANG_WARN_INT_CONVERSION = YES;
				CLANG_WARN_NON_LITERAL_NULL_CONVERSION = YES;
				CLANG_WARN_OBJC_IMPLICIT_RETAIN_SELF = YES;
				CLANG_WARN_OBJC_LITERAL_CONVERSION = YES;
				CLANG_WARN_OBJC_ROOT_CLASS = YES_ERROR;
				CLANG_WARN_RANGE_LOOP_ANALYSIS = YES;
				CLANG_WARN_STRICT_PROTOTYPES = YES;
				CLANG_WARN_SUSPICIOUS_MOVE = YES;
				CLANG_WARN_UNGUARDED_AVAILABILITY = YES_AGGRESSIVE;
				CLANG_WARN_UNREACHABLE_CODE = YES;
				CLANG_WARN__DUPLICATE_METHOD_MATCH = YES;
				COPY_PHASE_STRIP = NO;
				DEBUG_INFORMATION_FORMAT = "dwarf-with-dsym";
				ENABLE_NS_ASSERTIONS = NO;
				ENABLE_STRICT_OBJC_MSGSEND = YES;
				GCC_C_LANGUAGE_STANDARD = gnu11;
				GCC_NO_COMMON_BLOCKS = YES;
				GCC_WARN_64_TO_32_BIT_CONVERSION = YES;
				GCC_WARN_ABOUT_RETURN_TYPE = YES_ERROR;
				GCC_WARN_UNDECLARED_SELECTOR = YES;
				GCC_WARN_UNINITIALIZED_AUTOS = YES_AGGRESSIVE;
				GCC_WARN_UNUSED_FUNCTION = YES;
				GCC_WARN_UNUSED_VARIABLE = YES;
				IPHONEOS_DEPLOYMENT_TARGET = 13.6;
				MTL_ENABLE_DEBUG_INFO = NO;
				MTL_FAST_MATH = YES;
				SDKROOT = iphoneos;
				SWIFT_COMPILATION_MODE = wholemodule;
				SWIFT_OPTIMIZATION_LEVEL = "-O";
				VALIDATE_PRODUCT = YES;
			};
			name = Release;
		};
		6932E01324CEE6DD0072FDFC /* Debug */ = {
			isa = XCBuildConfiguration;
			buildSettings = {
				ASSETCATALOG_COMPILER_APPICON_NAME = AppIcon;
				CODE_SIGN_STYLE = Automatic;
				DEVELOPMENT_TEAM = XJN9TW8RPS;
				INFOPLIST_FILE = "$(SRCROOT)/VKProject/Supporting files/Info.plist";
				LD_RUNPATH_SEARCH_PATHS = (
					"$(inherited)",
					"@executable_path/Frameworks",
				);
				PRODUCT_BUNDLE_IDENTIFIER = "Denis-Abramov.VKProject";
				PRODUCT_NAME = "$(TARGET_NAME)";
				SWIFT_VERSION = 5.0;
				TARGETED_DEVICE_FAMILY = "1,2";
			};
			name = Debug;
		};
		6932E01424CEE6DD0072FDFC /* Release */ = {
			isa = XCBuildConfiguration;
			buildSettings = {
				ASSETCATALOG_COMPILER_APPICON_NAME = AppIcon;
				CODE_SIGN_STYLE = Automatic;
				DEVELOPMENT_TEAM = XJN9TW8RPS;
				INFOPLIST_FILE = "$(SRCROOT)/VKProject/Supporting files/Info.plist";
				LD_RUNPATH_SEARCH_PATHS = (
					"$(inherited)",
					"@executable_path/Frameworks",
				);
				PRODUCT_BUNDLE_IDENTIFIER = "Denis-Abramov.VKProject";
				PRODUCT_NAME = "$(TARGET_NAME)";
				SWIFT_VERSION = 5.0;
				TARGETED_DEVICE_FAMILY = "1,2";
			};
			name = Release;
		};
/* End XCBuildConfiguration section */

/* Begin XCConfigurationList section */
		6932911724E4459400990A5F /* Build configuration list for PBXNativeTarget "VKProjectTests" */ = {
			isa = XCConfigurationList;
			buildConfigurations = (
				6932911524E4459400990A5F /* Debug */,
				6932911624E4459400990A5F /* Release */,
			);
			defaultConfigurationIsVisible = 0;
			defaultConfigurationName = Release;
		};
		6932DFF924CEE6D80072FDFC /* Build configuration list for PBXProject "VKProject" */ = {
			isa = XCConfigurationList;
			buildConfigurations = (
				6932E01024CEE6DD0072FDFC /* Debug */,
				6932E01124CEE6DD0072FDFC /* Release */,
			);
			defaultConfigurationIsVisible = 0;
			defaultConfigurationName = Release;
		};
		6932E01224CEE6DD0072FDFC /* Build configuration list for PBXNativeTarget "VKProject" */ = {
			isa = XCConfigurationList;
			buildConfigurations = (
				6932E01324CEE6DD0072FDFC /* Debug */,
				6932E01424CEE6DD0072FDFC /* Release */,
			);
			defaultConfigurationIsVisible = 0;
			defaultConfigurationName = Release;
		};
/* End XCConfigurationList section */
	};
	rootObject = 6932DFF624CEE6D80072FDFC /* Project object */;
}
